<?xml version="1.0" encoding="utf-8"?>
<Project ToolsVersion="4.0" xmlns="http://schemas.microsoft.com/developer/msbuild/2003">
  <ItemGroup>
    <Filter Include="Source Files">
      <UniqueIdentifier>{4FC737F1-C7A5-4376-A066-2A32D752A2FF}</UniqueIdentifier>
      <Extensions>cpp;c;cc;cxx;c++;cppm;ixx;def;odl;idl;hpj;bat;asm;asmx</Extensions>
    </Filter>
    <Filter Include="Header Files">
      <UniqueIdentifier>{93995380-89BD-4b04-88EB-625FBE52EBFB}</UniqueIdentifier>
      <Extensions>h;hh;hpp;hxx;h++;hm;inl;inc;ipp;xsd</Extensions>
    </Filter>
    <Filter Include="Resource Files">
      <UniqueIdentifier>{67DA6AB6-F800-4c08-8B7A-83BB121AAD01}</UniqueIdentifier>
      <Extensions>rc;ico;cur;bmp;dlg;rc2;rct;bin;rgs;gif;jpg;jpeg;jpe;resx;tiff;tif;png;wav;mfcribbon-ms</Extensions>
    </Filter>
    <Filter Include="Resource Files\Notes">
      <UniqueIdentifier>{184f5db2-e268-4463-833e-24b8ff68c2af}</UniqueIdentifier>
    </Filter>
    <Filter Include="Resource Files\Tools">
      <UniqueIdentifier>{bfebc9d8-c995-4875-b795-e6cbe6a5f0a4}</UniqueIdentifier>
    </Filter>
    <Filter Include="Source Files\external">
      <UniqueIdentifier>{782eae2f-5cdc-4b95-b312-27c06760d333}</UniqueIdentifier>
    </Filter>
    <Filter Include="Header Files\external">
      <UniqueIdentifier>{93573c63-f270-423e-954f-1eb9e55318e5}</UniqueIdentifier>
    </Filter>
  </ItemGroup>
  <ItemGroup>
    <ClCompile Include="..\src\event.c">
      <Filter>Source Files</Filter>
    </ClCompile>
    <ClCompile Include="..\src\window.c">
      <Filter>Source Files</Filter>
    </ClCompile>
    <ClCompile Include="..\src\layer.c">
      <Filter>Source Files</Filter>
    </ClCompile>
    <ClCompile Include="..\src\renderer.c">
      <Filter>Source Files</Filter>
    </ClCompile>
    <ClCompile Include="..\src\error.c">
      <Filter>Source Files</Filter>
    </ClCompile>
    <ClCompile Include="..\src\application.c">
      <Filter>Source Files</Filter>
    </ClCompile>
    <ClCompile Include="..\src\asset.c">
      <Filter>Source Files</Filter>
    </ClCompile>
    <ClCompile Include="..\src\external\tfmt.c">
      <Filter>Source Files\external</Filter>
    </ClCompile>
    <ClCompile Include="..\src\log.c">
      <Filter>Source Files</Filter>
    </ClCompile>
    <ClCompile Include="..\src\level.c">
      <Filter>Source Files</Filter>
    </ClCompile>
  </ItemGroup>
  <ItemGroup>
    <ClInclude Include="..\include\error.h">
      <Filter>Header Files</Filter>
    </ClInclude>
    <ClInclude Include="..\include\marble.h">
      <Filter>Header Files</Filter>
    </ClInclude>
    <ClInclude Include="..\include\api.h">
      <Filter>Header Files</Filter>
    </ClInclude>
    <ClInclude Include="..\include\event.h">
      <Filter>Header Files</Filter>
    </ClInclude>
    <ClInclude Include="..\include\window.h">
      <Filter>Header Files</Filter>
    </ClInclude>
    <ClInclude Include="..\include\util.h">
      <Filter>Header Files</Filter>
    </ClInclude>
    <ClInclude Include="..\include\entrypoint.h">
      <Filter>Header Files</Filter>
    </ClInclude>
    <ClInclude Include="..\include\application.h">
      <Filter>Header Files</Filter>
    </ClInclude>
    <ClInclude Include="..\include\def.h">
      <Filter>Header Files</Filter>
    </ClInclude>
    <ClInclude Include="..\include\renderer.h">
      <Filter>Header Files</Filter>
    </ClInclude>
    <ClInclude Include="..\include\asset.h">
      <Filter>Header Files</Filter>
    </ClInclude>
    <ClInclude Include="..\include\platform.h">
      <Filter>Header Files</Filter>
    </ClInclude>
    <ClInclude Include="..\include\system.h">
      <Filter>Header Files</Filter>
    </ClInclude>
    <ClInclude Include="..\include\log.h">
      <Filter>Header Files</Filter>
    </ClInclude>
    <ClInclude Include="..\include\external\tfmt.h">
      <Filter>Header Files\external</Filter>
    </ClInclude>
    <ClInclude Include="..\include\level.h">
      <Filter>Header Files</Filter>
    </ClInclude>
  </ItemGroup>
  <ItemGroup>
    <Text Include="..\..\Notes\measure_time.txt">
      <Filter>Resource Files\Notes</Filter>
    </Text>
  </ItemGroup>
  <ItemGroup>
    <None Include="..\..\Marble Tools\gen_colortable.py">
      <Filter>Resource Files\Tools</Filter>
    </None>
    <None Include="..\..\Marble Tools\baselib.py">
      <Filter>Resource Files\Tools</Filter>
    </None>
    <None Include="..\..\Marble Tools\gen_map.py">
      <Filter>Resource Files\Tools</Filter>
    </None>
  </ItemGroup>
</Project>