<?xml version="1.0" encoding="utf-8"?>
<Project ToolsVersion="4.0" xmlns="http://schemas.microsoft.com/developer/msbuild/2003">
  <ItemGroup>
    <Filter Include="Header Files">
      <UniqueIdentifier>{365ebe4b-bdfb-41dc-b6a5-f01460c961dd}</UniqueIdentifier>
    </Filter>
    <Filter Include="Source Files">
      <UniqueIdentifier>{0f1c042e-0d31-41e2-b458-bb3d675d53e7}</UniqueIdentifier>
    </Filter>
    <Filter Include="Resource Files">
      <UniqueIdentifier>{55672354-2dfe-4b77-9e34-f566c2c5a3a3}</UniqueIdentifier>
    </Filter>
    <Filter Include="Resource Files\platform">
      <UniqueIdentifier>{dc5da77e-1a61-4f3c-8f0a-4e2286dfd668}</UniqueIdentifier>
    </Filter>
    <Filter Include="Resource Files\platform\windows">
      <UniqueIdentifier>{bfed3601-fb0f-4fbd-b457-ada8ea8e9bcb}</UniqueIdentifier>
    </Filter>
    <Filter Include="Resource Files\dialogs">
      <UniqueIdentifier>{0c05bbe9-c28d-477b-a0c6-4a5cc08a97a2}</UniqueIdentifier>
    </Filter>
  </ItemGroup>
  <ItemGroup>
    <ClInclude Include="..\include\base.hpp">
      <Filter>Header Files</Filter>
    </ClInclude>
    <ClInclude Include="..\res\platforms\windows\resource.h">
      <Filter>Resource Files\platform\windows</Filter>
    </ClInclude>
    <ClInclude Include="..\include\tab.hpp">
      <Filter>Header Files</Filter>
    </ClInclude>
  </ItemGroup>
  <ItemGroup>
    <QtMoc Include="..\include\mainwnd.hpp">
      <Filter>Header Files</Filter>
    </QtMoc>
    <QtMoc Include="..\include\dockwnd.hpp">
      <Filter>Header Files</Filter>
    </QtMoc>
    <QtMoc Include="..\include\sourcewnd.hpp">
      <Filter>Header Files</Filter>
    </QtMoc>
    <QtMoc Include="..\include\tsview.hpp">
      <Filter>Header Files</Filter>
    </QtMoc>
    <QtMoc Include="..\include\editwnd.hpp">
      <Filter>Header Files</Filter>
    </QtMoc>
    <QtMoc Include="..\include\dialog.hpp">
      <Filter>Header Files</Filter>
    </QtMoc>
    <QtMoc Include="..\include\lvlview.hpp">
      <Filter>Header Files</Filter>
    </QtMoc>
  </ItemGroup>
  <ItemGroup>
    <ClCompile Include="..\src\main.cpp">
      <Filter>Source Files</Filter>
    </ClCompile>
    <ClCompile Include="..\src\mainwnd.cpp">
      <Filter>Source Files</Filter>
    </ClCompile>
    <ClCompile Include="..\src\dockwnd.cpp">
      <Filter>Source Files</Filter>
    </ClCompile>
    <ClCompile Include="..\src\sourcewnd.cpp">
      <Filter>Source Files</Filter>
    </ClCompile>
    <ClCompile Include="..\src\tsview.cpp">
      <Filter>Source Files</Filter>
    </ClCompile>
    <ClCompile Include="..\src\editwnd.cpp">
      <Filter>Source Files</Filter>
    </ClCompile>
    <ClCompile Include="..\src\dialog.cpp">
      <Filter>Source Files</Filter>
    </ClCompile>
    <ClCompile Include="..\src\lvlview.cpp">
      <Filter>Source Files</Filter>
    </ClCompile>
  </ItemGroup>
  <ItemGroup>
    <QtRcc Include="..\res\resource.qrc">
      <Filter>Resource Files</Filter>
    </QtRcc>
  </ItemGroup>
  <ItemGroup>
    <Image Include="..\res\icons\ico_appmain.ico">
      <Filter>Resource Files\platform</Filter>
    </Image>
  </ItemGroup>
  <ItemGroup>
    <ResourceCompile Include="..\res\platforms\windows\Marble Editor.rc">
      <Filter>Resource Files\platform\windows</Filter>
    </ResourceCompile>
  </ItemGroup>
  <ItemGroup>
    <QtUic Include="..\res\dialogs\dlg_importts.ui">
      <Filter>Resource Files\dialogs</Filter>
    </QtUic>
    <QtUic Include="..\res\dialogs\dlg_newlevel.ui">
      <Filter>Resource Files\dialogs</Filter>
    </QtUic>
  </ItemGroup>
</Project>